// !$*UTF8*$!
{
	archiveVersion = 1;
	classes = {
	};
	objectVersion = 50;
	objects = {

/* Begin PBXBuildFile section */
		A61DDAA226AC97CF007ABB88 /* war_challengeApp.swift in Sources */ = {isa = PBXBuildFile; fileRef = A61DDAA126AC97CF007ABB88 /* war_challengeApp.swift */; };
		A61DDAA426AC97CF007ABB88 /* ContentView.swift in Sources */ = {isa = PBXBuildFile; fileRef = A61DDAA326AC97CF007ABB88 /* ContentView.swift */; };
		A61DDAA626AC97D0007ABB88 /* Assets.xcassets in Resources */ = {isa = PBXBuildFile; fileRef = A61DDAA526AC97D0007ABB88 /* Assets.xcassets */; };
		A61DDAA926AC97D0007ABB88 /* Preview Assets.xcassets in Resources */ = {isa = PBXBuildFile; fileRef = A61DDAA826AC97D0007ABB88 /* Preview Assets.xcassets */; };
		A61DDAB426AC97D1007ABB88 /* war_challengeTests.swift in Sources */ = {isa = PBXBuildFile; fileRef = A61DDAB326AC97D1007ABB88 /* war_challengeTests.swift */; };
		A61DDABF26AC97D1007ABB88 /* war_challengeUITests.swift in Sources */ = {isa = PBXBuildFile; fileRef = A61DDABE26AC97D1007ABB88 /* war_challengeUITests.swift */; };
/* End PBXBuildFile section */

/* Begin PBXContainerItemProxy section */
		A61DDAB026AC97D1007ABB88 /* PBXContainerItemProxy */ = {
			isa = PBXContainerItemProxy;
			containerPortal = A61DDA9626AC97CF007ABB88 /* Project object */;
			proxyType = 1;
			remoteGlobalIDString = A61DDA9D26AC97CF007ABB88;
			remoteInfo = "war-challenge";
		};
		A61DDABB26AC97D1007ABB88 /* PBXContainerItemProxy */ = {
			isa = PBXContainerItemProxy;
			containerPortal = A61DDA9626AC97CF007ABB88 /* Project object */;
			proxyType = 1;
			remoteGlobalIDString = A61DDA9D26AC97CF007ABB88;
			remoteInfo = "war-challenge";
		};
/* End PBXContainerItemProxy section */

/* Begin PBXFileReference section */
		A61DDA9E26AC97CF007ABB88 /* war-challenge.app */ = {isa = PBXFileReference; explicitFileType = wrapper.application; includeInIndex = 0; path = "war-challenge.app"; sourceTree = BUILT_PRODUCTS_DIR; };
		A61DDAA126AC97CF007ABB88 /* war_challengeApp.swift */ = {isa = PBXFileReference; lastKnownFileType = sourcecode.swift; path = war_challengeApp.swift; sourceTree = "<group>"; };
		A61DDAA326AC97CF007ABB88 /* ContentView.swift */ = {isa = PBXFileReference; lastKnownFileType = sourcecode.swift; path = ContentView.swift; sourceTree = "<group>"; };
		A61DDAA526AC97D0007ABB88 /* Assets.xcassets */ = {isa = PBXFileReference; lastKnownFileType = folder.assetcatalog; path = Assets.xcassets; sourceTree = "<group>"; };
		A61DDAA826AC97D0007ABB88 /* Preview Assets.xcassets */ = {isa = PBXFileReference; lastKnownFileType = folder.assetcatalog; path = "Preview Assets.xcassets"; sourceTree = "<group>"; };
		A61DDAAA26AC97D0007ABB88 /* Info.plist */ = {isa = PBXFileReference; lastKnownFileType = text.plist.xml; path = Info.plist; sourceTree = "<group>"; };
		A61DDAAF26AC97D1007ABB88 /* war-challengeTests.xctest */ = {isa = PBXFileReference; explicitFileType = wrapper.cfbundle; includeInIndex = 0; path = "war-challengeTests.xctest"; sourceTree = BUILT_PRODUCTS_DIR; };
		A61DDAB326AC97D1007ABB88 /* war_challengeTests.swift */ = {isa = PBXFileReference; lastKnownFileType = sourcecode.swift; path = war_challengeTests.swift; sourceTree = "<group>"; };
		A61DDAB526AC97D1007ABB88 /* Info.plist */ = {isa = PBXFileReference; lastKnownFileType = text.plist.xml; path = Info.plist; sourceTree = "<group>"; };
		A61DDABA26AC97D1007ABB88 /* war-challengeUITests.xctest */ = {isa = PBXFileReference; explicitFileType = wrapper.cfbundle; includeInIndex = 0; path = "war-challengeUITests.xctest"; sourceTree = BUILT_PRODUCTS_DIR; };
		A61DDABE26AC97D1007ABB88 /* war_challengeUITests.swift */ = {isa = PBXFileReference; lastKnownFileType = sourcecode.swift; path = war_challengeUITests.swift; sourceTree = "<group>"; };
		A61DDAC026AC97D1007ABB88 /* Info.plist */ = {isa = PBXFileReference; lastKnownFileType = text.plist.xml; path = Info.plist; sourceTree = "<group>"; };
/* End PBXFileReference section */

/* Begin PBXFrameworksBuildPhase section */
		A61DDA9B26AC97CF007ABB88 /* Frameworks */ = {
			isa = PBXFrameworksBuildPhase;
			buildActionMask = 2147483647;
			files = (
			);
			runOnlyForDeploymentPostprocessing = 0;
		};
		A61DDAAC26AC97D1007ABB88 /* Frameworks */ = {
			isa = PBXFrameworksBuildPhase;
			buildActionMask = 2147483647;
			files = (
			);
			runOnlyForDeploymentPostprocessing = 0;
		};
		A61DDAB726AC97D1007ABB88 /* Frameworks */ = {
			isa = PBXFrameworksBuildPhase;
			buildActionMask = 2147483647;
			files = (
			);
			runOnlyForDeploymentPostprocessing = 0;
		};
/* End PBXFrameworksBuildPhase section */

/* Begin PBXGroup section */
		A61DDA9526AC97CF007ABB88 = {
			isa = PBXGroup;
			children = (
				A61DDAA026AC97CF007ABB88 /* war-challenge */,
				A61DDAB226AC97D1007ABB88 /* war-challengeTests */,
				A61DDABD26AC97D1007ABB88 /* war-challengeUITests */,
				A61DDA9F26AC97CF007ABB88 /* Products */,
			);
			sourceTree = "<group>";
		};
		A61DDA9F26AC97CF007ABB88 /* Products */ = {
			isa = PBXGroup;
			children = (
				A61DDA9E26AC97CF007ABB88 /* war-challenge.app */,
				A61DDAAF26AC97D1007ABB88 /* war-challengeTests.xctest */,
				A61DDABA26AC97D1007ABB88 /* war-challengeUITests.xctest */,
			);
			name = Products;
			sourceTree = "<group>";
		};
		A61DDAA026AC97CF007ABB88 /* war-challenge */ = {
			isa = PBXGroup;
			children = (
				A61DDAA126AC97CF007ABB88 /* war_challengeApp.swift */,
				A61DDAA326AC97CF007ABB88 /* ContentView.swift */,
				A61DDAA526AC97D0007ABB88 /* Assets.xcassets */,
				A61DDAAA26AC97D0007ABB88 /* Info.plist */,
				A61DDAA726AC97D0007ABB88 /* Preview Content */,
			);
			path = "war-challenge";
			sourceTree = "<group>";
		};
		A61DDAA726AC97D0007ABB88 /* Preview Content */ = {
			isa = PBXGroup;
			children = (
				A61DDAA826AC97D0007ABB88 /* Preview Assets.xcassets */,
			);
			path = "Preview Content";
			sourceTree = "<group>";
		};
		A61DDAB226AC97D1007ABB88 /* war-challengeTests */ = {
			isa = PBXGroup;
			children = (
				A61DDAB326AC97D1007ABB88 /* war_challengeTests.swift */,
				A61DDAB526AC97D1007ABB88 /* Info.plist */,
			);
			path = "war-challengeTests";
			sourceTree = "<group>";
		};
		A61DDABD26AC97D1007ABB88 /* war-challengeUITests */ = {
			isa = PBXGroup;
			children = (
				A61DDABE26AC97D1007ABB88 /* war_challengeUITests.swift */,
				A61DDAC026AC97D1007ABB88 /* Info.plist */,
			);
			path = "war-challengeUITests";
			sourceTree = "<group>";
		};
/* End PBXGroup section */

/* Begin PBXNativeTarget section */
		A61DDA9D26AC97CF007ABB88 /* war-challenge */ = {
			isa = PBXNativeTarget;
			buildConfigurationList = A61DDAC326AC97D1007ABB88 /* Build configuration list for PBXNativeTarget "war-challenge" */;
			buildPhases = (
				A61DDA9A26AC97CF007ABB88 /* Sources */,
				A61DDA9B26AC97CF007ABB88 /* Frameworks */,
				A61DDA9C26AC97CF007ABB88 /* Resources */,
			);
			buildRules = (
			);
			dependencies = (
			);
			name = "war-challenge";
			productName = "war-challenge";
			productReference = A61DDA9E26AC97CF007ABB88 /* war-challenge.app */;
			productType = "com.apple.product-type.application";
		};
		A61DDAAE26AC97D1007ABB88 /* war-challengeTests */ = {
			isa = PBXNativeTarget;
			buildConfigurationList = A61DDAC626AC97D1007ABB88 /* Build configuration list for PBXNativeTarget "war-challengeTests" */;
			buildPhases = (
				A61DDAAB26AC97D1007ABB88 /* Sources */,
				A61DDAAC26AC97D1007ABB88 /* Frameworks */,
				A61DDAAD26AC97D1007ABB88 /* Resources */,
			);
			buildRules = (
			);
			dependencies = (
				A61DDAB126AC97D1007ABB88 /* PBXTargetDependency */,
			);
			name = "war-challengeTests";
			productName = "war-challengeTests";
			productReference = A61DDAAF26AC97D1007ABB88 /* war-challengeTests.xctest */;
			productType = "com.apple.product-type.bundle.unit-test";
		};
		A61DDAB926AC97D1007ABB88 /* war-challengeUITests */ = {
			isa = PBXNativeTarget;
			buildConfigurationList = A61DDAC926AC97D1007ABB88 /* Build configuration list for PBXNativeTarget "war-challengeUITests" */;
			buildPhases = (
				A61DDAB626AC97D1007ABB88 /* Sources */,
				A61DDAB726AC97D1007ABB88 /* Frameworks */,
				A61DDAB826AC97D1007ABB88 /* Resources */,
			);
			buildRules = (
			);
			dependencies = (
				A61DDABC26AC97D1007ABB88 /* PBXTargetDependency */,
			);
			name = "war-challengeUITests";
			productName = "war-challengeUITests";
			productReference = A61DDABA26AC97D1007ABB88 /* war-challengeUITests.xctest */;
			productType = "com.apple.product-type.bundle.ui-testing";
		};
/* End PBXNativeTarget section */

/* Begin PBXProject section */
		A61DDA9626AC97CF007ABB88 /* Project object */ = {
			isa = PBXProject;
			attributes = {
				LastSwiftUpdateCheck = 1250;
				LastUpgradeCheck = 1250;
				TargetAttributes = {
					A61DDA9D26AC97CF007ABB88 = {
						CreatedOnToolsVersion = 12.5.1;
					};
					A61DDAAE26AC97D1007ABB88 = {
						CreatedOnToolsVersion = 12.5.1;
						TestTargetID = A61DDA9D26AC97CF007ABB88;
					};
					A61DDAB926AC97D1007ABB88 = {
						CreatedOnToolsVersion = 12.5.1;
						TestTargetID = A61DDA9D26AC97CF007ABB88;
					};
				};
			};
			buildConfigurationList = A61DDA9926AC97CF007ABB88 /* Build configuration list for PBXProject "war-challenge" */;
			compatibilityVersion = "Xcode 9.3";
			developmentRegion = en;
			hasScannedForEncodings = 0;
			knownRegions = (
				en,
				Base,
			);
			mainGroup = A61DDA9526AC97CF007ABB88;
			productRefGroup = A61DDA9F26AC97CF007ABB88 /* Products */;
			projectDirPath = "";
			projectRoot = "";
			targets = (
				A61DDA9D26AC97CF007ABB88 /* war-challenge */,
				A61DDAAE26AC97D1007ABB88 /* war-challengeTests */,
				A61DDAB926AC97D1007ABB88 /* war-challengeUITests */,
			);
		};
/* End PBXProject section */

/* Begin PBXResourcesBuildPhase section */
		A61DDA9C26AC97CF007ABB88 /* Resources */ = {
			isa = PBXResourcesBuildPhase;
			buildActionMask = 2147483647;
			files = (
				A61DDAA926AC97D0007ABB88 /* Preview Assets.xcassets in Resources */,
				A61DDAA626AC97D0007ABB88 /* Assets.xcassets in Resources */,
			);
			runOnlyForDeploymentPostprocessing = 0;
		};
		A61DDAAD26AC97D1007ABB88 /* Resources */ = {
			isa = PBXResourcesBuildPhase;
			buildActionMask = 2147483647;
			files = (
			);
			runOnlyForDeploymentPostprocessing = 0;
		};
		A61DDAB826AC97D1007ABB88 /* Resources */ = {
			isa = PBXResourcesBuildPhase;
			buildActionMask = 2147483647;
			files = (
			);
			runOnlyForDeploymentPostprocessing = 0;
		};
/* End PBXResourcesBuildPhase section */

/* Begin PBXSourcesBuildPhase section */
		A61DDA9A26AC97CF007ABB88 /* Sources */ = {
			isa = PBXSourcesBuildPhase;
			buildActionMask = 2147483647;
			files = (
				A61DDAA426AC97CF007ABB88 /* ContentView.swift in Sources */,
				A61DDAA226AC97CF007ABB88 /* war_challengeApp.swift in Sources */,
			);
			runOnlyForDeploymentPostprocessing = 0;
		};
		A61DDAAB26AC97D1007ABB88 /* Sources */ = {
			isa = PBXSourcesBuildPhase;
			buildActionMask = 2147483647;
			files = (
				A61DDAB426AC97D1007ABB88 /* war_challengeTests.swift in Sources */,
			);
			runOnlyForDeploymentPostprocessing = 0;
		};
		A61DDAB626AC97D1007ABB88 /* Sources */ = {
			isa = PBXSourcesBuildPhase;
			buildActionMask = 2147483647;
			files = (
				A61DDABF26AC97D1007ABB88 /* war_challengeUITests.swift in Sources */,
			);
			runOnlyForDeploymentPostprocessing = 0;
		};
/* End PBXSourcesBuildPhase section */

/* Begin PBXTargetDependency section */
		A61DDAB126AC97D1007ABB88 /* PBXTargetDependency */ = {
			isa = PBXTargetDependency;
			target = A61DDA9D26AC97CF007ABB88 /* war-challenge */;
			targetProxy = A61DDAB026AC97D1007ABB88 /* PBXContainerItemProxy */;
		};
		A61DDABC26AC97D1007ABB88 /* PBXTargetDependency */ = {
			isa = PBXTargetDependency;
			target = A61DDA9D26AC97CF007ABB88 /* war-challenge */;
			targetProxy = A61DDABB26AC97D1007ABB88 /* PBXContainerItemProxy */;
		};
/* End PBXTargetDependency section */

/* Begin XCBuildConfiguration section */
		A61DDAC126AC97D1007ABB88 /* Debug */ = {
			isa = XCBuildConfiguration;
			buildSettings = {
				ALWAYS_SEARCH_USER_PATHS = NO;
				CLANG_ANALYZER_NONNULL = YES;
				CLANG_ANALYZER_NUMBER_OBJECT_CONVERSION = YES_AGGRESSIVE;
				CLANG_CXX_LANGUAGE_STANDARD = "gnu++14";
				CLANG_CXX_LIBRARY = "libc++";
				CLANG_ENABLE_MODULES = YES;
				CLANG_ENABLE_OBJC_ARC = YES;
				CLANG_ENABLE_OBJC_WEAK = YES;
				CLANG_WARN_BLOCK_CAPTURE_AUTORELEASING = YES;
				CLANG_WARN_BOOL_CONVERSION = YES;
				CLANG_WARN_COMMA = YES;
				CLANG_WARN_CONSTANT_CONVERSION = YES;
				CLANG_WARN_DEPRECATED_OBJC_IMPLEMENTATIONS = YES;
				CLANG_WARN_DIRECT_OBJC_ISA_USAGE = YES_ERROR;
				CLANG_WARN_DOCUMENTATION_COMMENTS = YES;
				CLANG_WARN_EMPTY_BODY = YES;
				CLANG_WARN_ENUM_CONVERSION = YES;
				CLANG_WARN_INFINITE_RECURSION = YES;
				CLANG_WARN_INT_CONVERSION = YES;
				CLANG_WARN_NON_LITERAL_NULL_CONVERSION = YES;
				CLANG_WARN_OBJC_IMPLICIT_RETAIN_SELF = YES;
				CLANG_WARN_OBJC_LITERAL_CONVERSION = YES;
				CLANG_WARN_OBJC_ROOT_CLASS = YES_ERROR;
				CLANG_WARN_QUOTED_INCLUDE_IN_FRAMEWORK_HEADER = YES;
				CLANG_WARN_RANGE_LOOP_ANALYSIS = YES;
				CLANG_WARN_STRICT_PROTOTYPES = YES;
				CLANG_WARN_SUSPICIOUS_MOVE = YES;
				CLANG_WARN_UNGUARDED_AVAILABILITY = YES_AGGRESSIVE;
				CLANG_WARN_UNREACHABLE_CODE = YES;
				CLANG_WARN__DUPLICATE_METHOD_MATCH = YES;
				COPY_PHASE_STRIP = NO;
				DEBUG_INFORMATION_FORMAT = dwarf;
				ENABLE_STRICT_OBJC_MSGSEND = YES;
				ENABLE_TESTABILITY = YES;
				GCC_C_LANGUAGE_STANDARD = gnu11;
				GCC_DYNAMIC_NO_PIC = NO;
				GCC_NO_COMMON_BLOCKS = YES;
				GCC_OPTIMIZATION_LEVEL = 0;
				GCC_PREPROCESSOR_DEFINITIONS = (
					"DEBUG=1",
					"$(inherited)",
				);
				GCC_WARN_64_TO_32_BIT_CONVERSION = YES;
				GCC_WARN_ABOUT_RETURN_TYPE = YES_ERROR;
				GCC_WARN_UNDECLARED_SELECTOR = YES;
				GCC_WARN_UNINITIALIZED_AUTOS = YES_AGGRESSIVE;
				GCC_WARN_UNUSED_FUNCTION = YES;
				GCC_WARN_UNUSED_VARIABLE = YES;
				IPHONEOS_DEPLOYMENT_TARGET = 14.5;
				MTL_ENABLE_DEBUG_INFO = INCLUDE_SOURCE;
				MTL_FAST_MATH = YES;
				ONLY_ACTIVE_ARCH = YES;
				SDKROOT = iphoneos;
				SWIFT_ACTIVE_COMPILATION_CONDITIONS = DEBUG;
				SWIFT_OPTIMIZATION_LEVEL = "-Onone";
			};
			name = Debug;
		};
		A61DDAC226AC97D1007ABB88 /* Release */ = {
			isa = XCBuildConfiguration;
			buildSettings = {
				ALWAYS_SEARCH_USER_PATHS = NO;
				CLANG_ANALYZER_NONNULL = YES;
				CLANG_ANALYZER_NUMBER_OBJECT_CONVERSION = YES_AGGRESSIVE;
				CLANG_CXX_LANGUAGE_STANDARD = "gnu++14";
				CLANG_CXX_LIBRARY = "libc++";
				CLANG_ENABLE_MODULES = YES;
				CLANG_ENABLE_OBJC_ARC = YES;
				CLANG_ENABLE_OBJC_WEAK = YES;
				CLANG_WARN_BLOCK_CAPTURE_AUTORELEASING = YES;
				CLANG_WARN_BOOL_CONVERSION = YES;
				CLANG_WARN_COMMA = YES;
				CLANG_WARN_CONSTANT_CONVERSION = YES;
				CLANG_WARN_DEPRECATED_OBJC_IMPLEMENTATIONS = YES;
				CLANG_WARN_DIRECT_OBJC_ISA_USAGE = YES_ERROR;
				CLANG_WARN_DOCUMENTATION_COMMENTS = YES;
				CLANG_WARN_EMPTY_BODY = YES;
				CLANG_WARN_ENUM_CONVERSION = YES;
				CLANG_WARN_INFINITE_RECURSION = YES;
				CLANG_WARN_INT_CONVERSION = YES;
				CLANG_WARN_NON_LITERAL_NULL_CONVERSION = YES;
				CLANG_WARN_OBJC_IMPLICIT_RETAIN_SELF = YES;
				CLANG_WARN_OBJC_LITERAL_CONVERSION = YES;
				CLANG_WARN_OBJC_ROOT_CLASS = YES_ERROR;
				CLANG_WARN_QUOTED_INCLUDE_IN_FRAMEWORK_HEADER = YES;
				CLANG_WARN_RANGE_LOOP_ANALYSIS = YES;
				CLANG_WARN_STRICT_PROTOTYPES = YES;
				CLANG_WARN_SUSPICIOUS_MOVE = YES;
				CLANG_WARN_UNGUARDED_AVAILABILITY = YES_AGGRESSIVE;
				CLANG_WARN_UNREACHABLE_CODE = YES;
				CLANG_WARN__DUPLICATE_METHOD_MATCH = YES;
				COPY_PHASE_STRIP = NO;
				DEBUG_INFORMATION_FORMAT = "dwarf-with-dsym";
				ENABLE_NS_ASSERTIONS = NO;
				ENABLE_STRICT_OBJC_MSGSEND = YES;
				GCC_C_LANGUAGE_STANDARD = gnu11;
				GCC_NO_COMMON_BLOCKS = YES;
				GCC_WARN_64_TO_32_BIT_CONVERSION = YES;
				GCC_WARN_ABOUT_RETURN_TYPE = YES_ERROR;
				GCC_WARN_UNDECLARED_SELECTOR = YES;
				GCC_WARN_UNINITIALIZED_AUTOS = YES_AGGRESSIVE;
				GCC_WARN_UNUSED_FUNCTION = YES;
				GCC_WARN_UNUSED_VARIABLE = YES;
				IPHONEOS_DEPLOYMENT_TARGET = 14.5;
				MTL_ENABLE_DEBUG_INFO = NO;
				MTL_FAST_MATH = YES;
				SDKROOT = iphoneos;
				SWIFT_COMPILATION_MODE = wholemodule;
				SWIFT_OPTIMIZATION_LEVEL = "-O";
				VALIDATE_PRODUCT = YES;
			};
			name = Release;
		};
		A61DDAC426AC97D1007ABB88 /* Debug */ = {
			isa = XCBuildConfiguration;
			buildSettings = {
				ASSETCATALOG_COMPILER_APPICON_NAME = AppIcon;
				ASSETCATALOG_COMPILER_GLOBAL_ACCENT_COLOR_NAME = AccentColor;
				CODE_SIGN_STYLE = Automatic;
				DEVELOPMENT_ASSET_PATHS = "\"war-challenge/Preview Content\"";
				ENABLE_PREVIEWS = YES;
				INFOPLIST_FILE = "war-challenge/Info.plist";
				IPHONEOS_DEPLOYMENT_TARGET = 14.0;
				LD_RUNPATH_SEARCH_PATHS = (
					"$(inherited)",
					"@executable_path/Frameworks",
				);
				PRODUCT_BUNDLE_IDENTIFIER = "com.mplsart.war-challenge";
				PRODUCT_NAME = "$(TARGET_NAME)";
				SWIFT_VERSION = 5.0;
				TARGETED_DEVICE_FAMILY = "1,2";
			};
			name = Debug;
		};
		A61DDAC526AC97D1007ABB88 /* Release */ = {
			isa = XCBuildConfiguration;
			buildSettings = {
				ASSETCATALOG_COMPILER_APPICON_NAME = AppIcon;
				ASSETCATALOG_COMPILER_GLOBAL_ACCENT_COLOR_NAME = AccentColor;
				CODE_SIGN_STYLE = Automatic;
				DEVELOPMENT_ASSET_PATHS = "\"war-challenge/Preview Content\"";
				ENABLE_PREVIEWS = YES;
				INFOPLIST_FILE = "war-challenge/Info.plist";
				IPHONEOS_DEPLOYMENT_TARGET = 14.0;
				LD_RUNPATH_SEARCH_PATHS = (
					"$(inherited)",
					"@executable_path/Frameworks",
				);
				PRODUCT_BUNDLE_IDENTIFIER = "com.mplsart.war-challenge";
				PRODUCT_NAME = "$(TARGET_NAME)";
				SWIFT_VERSION = 5.0;
				TARGETED_DEVICE_FAMILY = "1,2";
			};
			name = Release;
		};
		A61DDAC726AC97D1007ABB88 /* Debug */ = {
			isa = XCBuildConfiguration;
			buildSettings = {
				ALWAYS_EMBED_SWIFT_STANDARD_LIBRARIES = YES;
				BUNDLE_LOADER = "$(TEST_HOST)";
				CODE_SIGN_STYLE = Automatic;
				INFOPLIST_FILE = "war-challengeTests/Info.plist";
				IPHONEOS_DEPLOYMENT_TARGET = 14.0;
				LD_RUNPATH_SEARCH_PATHS = (
					"$(inherited)",
					"@executable_path/Frameworks",
					"@loader_path/Frameworks",
				);
				PRODUCT_BUNDLE_IDENTIFIER = "com.mplsart.war-challengeTests";
				PRODUCT_NAME = "$(TARGET_NAME)";
				SWIFT_VERSION = 5.0;
				TARGETED_DEVICE_FAMILY = "1,2";
				TEST_HOST = "$(BUILT_PRODUCTS_DIR)/war-challenge.app/war-challenge";
			};
			name = Debug;
		};
		A61DDAC826AC97D1007ABB88 /* Release */ = {
			isa = XCBuildConfiguration;
			buildSettings = {
				ALWAYS_EMBED_SWIFT_STANDARD_LIBRARIES = YES;
				BUNDLE_LOADER = "$(TEST_HOST)";
				CODE_SIGN_STYLE = Automatic;
				INFOPLIST_FILE = "war-challengeTests/Info.plist";
				IPHONEOS_DEPLOYMENT_TARGET = 14.0;
				LD_RUNPATH_SEARCH_PATHS = (
					"$(inherited)",
					"@executable_path/Frameworks",
					"@loader_path/Frameworks",
				);
				PRODUCT_BUNDLE_IDENTIFIER = "com.mplsart.war-challengeTests";
				PRODUCT_NAME = "$(TARGET_NAME)";
				SWIFT_VERSION = 5.0;
				TARGETED_DEVICE_FAMILY = "1,2";
				TEST_HOST = "$(BUILT_PRODUCTS_DIR)/war-challenge.app/war-challenge";
			};
			name = Release;
		};
		A61DDACA26AC97D1007ABB88 /* Debug */ = {
			isa = XCBuildConfiguration;
			buildSettings = {
				ALWAYS_EMBED_SWIFT_STANDARD_LIBRARIES = YES;
				CODE_SIGN_STYLE = Automatic;
				INFOPLIST_FILE = "war-challengeUITests/Info.plist";
				LD_RUNPATH_SEARCH_PATHS = (
					"$(inherited)",
					"@executable_path/Frameworks",
					"@loader_path/Frameworks",
				);
				PRODUCT_BUNDLE_IDENTIFIER = "com.mplsart.war-challengeUITests";
				PRODUCT_NAME = "$(TARGET_NAME)";
				SWIFT_VERSION = 5.0;
				TARGETED_DEVICE_FAMILY = "1,2";
				TEST_TARGET_NAME = "war-challenge";
			};
			name = Debug;
		};
		A61DDACB26AC97D1007ABB88 /* Release */ = {
			isa = XCBuildConfiguration;
			buildSettings = {
				ALWAYS_EMBED_SWIFT_STANDARD_LIBRARIES = YES;
				CODE_SIGN_STYLE = Automatic;
				INFOPLIST_FILE = "war-challengeUITests/Info.plist";
				LD_RUNPATH_SEARCH_PATHS = (
					"$(inherited)",
					"@executable_path/Frameworks",
					"@loader_path/Frameworks",
				);
				PRODUCT_BUNDLE_IDENTIFIER = "com.mplsart.war-challengeUITests";
				PRODUCT_NAME = "$(TARGET_NAME)";
				SWIFT_VERSION = 5.0;
				TARGETED_DEVICE_FAMILY = "1,2";
				TEST_TARGET_NAME = "war-challenge";
			};
			name = Release;
		};
/* End XCBuildConfiguration section */

/* Begin XCConfigurationList section */
		A61DDA9926AC97CF007ABB88 /* Build configuration list for PBXProject "war-challenge" */ = {
			isa = XCConfigurationList;
			buildConfigurations = (
				A61DDAC126AC97D1007ABB88 /* Debug */,
				A61DDAC226AC97D1007ABB88 /* Release */,
			);
			defaultConfigurationIsVisible = 0;
			defaultConfigurationName = Release;
		};
		A61DDAC326AC97D1007ABB88 /* Build configuration list for PBXNativeTarget "war-challenge" */ = {
			isa = XCConfigurationList;
			buildConfigurations = (
				A61DDAC426AC97D1007ABB88 /* Debug */,
				A61DDAC526AC97D1007ABB88 /* Release */,
			);
			defaultConfigurationIsVisible = 0;
			defaultConfigurationName = Release;
		};
		A61DDAC626AC97D1007ABB88 /* Build configuration list for PBXNativeTarget "war-challengeTests" */ = {
			isa = XCConfigurationList;
			buildConfigurations = (
				A61DDAC726AC97D1007ABB88 /* Debug */,
				A61DDAC826AC97D1007ABB88 /* Release */,
			);
			defaultConfigurationIsVisible = 0;
			defaultConfigurationName = Release;
		};
		A61DDAC926AC97D1007ABB88 /* Build configuration list for PBXNativeTarget "war-challengeUITests" */ = {
			isa = XCConfigurationList;
			buildConfigurations = (
				A61DDACA26AC97D1007ABB88 /* Debug */,
				A61DDACB26AC97D1007ABB88 /* Release */,
			);
			defaultConfigurationIsVisible = 0;
			defaultConfigurationName = Release;
		};
/* End XCConfigurationList section */
	};
	rootObject = A61DDA9626AC97CF007ABB88 /* Project object */;
}
